
Microsoft Visual Studio Solution File, Format Version 12.00
# Visual Studio Version 16
VisualStudioVersion = 16.0.30225.117
MinimumVisualStudioVersion = 10.0.40219.1
Project("{FAE04EC0-301F-11D3-BF4B-00C04F79EFBC}") = "ConsoleApp1", "ConsoleApp1\ConsoleApp1.csproj", "{A256FF97-BF16-4DD4-8D15-995918A57048}"
EndProject
Global
	GlobalSection(SolutionConfigurationPlatforms) = preSolution
		Debug|Any CPU = Debug|Any CPU
		Release|Any CPU = Release|Any CPU
	EndGlobalSection
	GlobalSection(ProjectConfigurationPlatforms) = postSolution
		{A256FF97-BF16-4DD4-8D15-995918A57048}.Debug|Any CPU.ActiveCfg = Debug|Any CPU
		{A256FF97-BF16-4DD4-8D15-995918A57048}.Debug|Any CPU.Build.0 = Debug|Any CPU
		{A256FF97-BF16-4DD4-8D15-995918A57048}.Release|Any CPU.ActiveCfg = Release|Any CPU
		{A256FF97-BF16-4DD4-8D15-995918A57048}.Release|Any CPU.Build.0 = Release|Any CPU
	EndGlobalSection
	GlobalSection(SolutionProperties) = preSolution
		HideSolutionNode = FALSE
	EndGlobalSection
	GlobalSection(ExtensibilityGlobals) = postSolution
		SolutionGuid = {E8A67B68-43BD-45B3-8326-65460BCB5FE2}
	EndGlobalSection
EndGlobal
